
Microsoft Visual Studio Solution File, Format Version 12.00
# Visual Studio Version 16
VisualStudioVersion = 16.0.31019.35
MinimumVisualStudioVersion = 10.0.40219.1
Project("{888888A0-9F3D-457C-B088-3A5042F75D52}") = "New folder", "New folder.pyproj", "{A61D7916-C711-4BB7-BE2A-1913CC8121F6}"
EndProject
Global
	GlobalSection(SolutionConfigurationPlatforms) = preSolution
		Debug|Any CPU = Debug|Any CPU
		Release|Any CPU = Release|Any CPU
	EndGlobalSection
	GlobalSection(ProjectConfigurationPlatforms) = postSolution
		{A61D7916-C711-4BB7-BE2A-1913CC8121F6}.Debug|Any CPU.ActiveCfg = Debug|Any CPU
		{A61D7916-C711-4BB7-BE2A-1913CC8121F6}.Release|Any CPU.ActiveCfg = Release|Any CPU
	EndGlobalSection
	GlobalSection(SolutionProperties) = preSolution
		HideSolutionNode = FALSE
	EndGlobalSection
	GlobalSection(ExtensibilityGlobals) = postSolution
		SolutionGuid = {DC8B4F8C-D14D-48B3-8185-1F032D63FC1E}
	EndGlobalSection
EndGlobal
